github.com/3JoB/go-reflect v1.0.1 h1:o8FsdGDAq32rM84vjIcoEs6ezB2whS0MCR+w7HNIuqI=
github.com/3JoB/go-reflect v1.0.1/go.mod h1:uqE8sGxe7gZKaXFFhkzOhXgAPnSdlXaT1Oy8CDYDWfE=
github.com/3JoB/ulib v1.30.0 h1:SdkTKKZyDw13wsU4cXzOFVUa46dHBi7p5CYzMSujyRg=
github.com/3JoB/ulib v1.30.0/go.mod h1:xfGmnqpZt2u24ufTC2oUEvTdD3dEn1m0Fs2KCBfR/KE=
github.com/3JoB/unsafeConvert v1.3.0 h1:HxWedv9pqNZjzkjdvyPToxolN+kjF55lMbsBedhuKR0=
github.com/3JoB/unsafeConvert v1.3.0/go.mod h1:eSOZxiCOcyEi0vBO56ULYtfXJEn4vafvkebEfI0pYoE=
github.com/aead/chacha20 v0.0.0-20180709150244-8b13a72661da h1:KjTM2ks9d14ZYCvmHS9iAKVt9AyzRSqNU1qabPih5BY=
github.com/aead/chacha20 v0.0.0-20180709150244-8b13a72661da/go.mod h1:eHEWzANqSiWQsof+nXEI9bUVUyV6F53Fp89EuCh2EAA=
github.com/andybalholm/brotli v1.0.5 h1:8uQZIdzKmjc/iuPu7O2ioW48L81FgatrcpfFmiq/cCs=
github.com/andybalholm/brotli v1.0.5/go.mod h1:fO7iG3H7G2nSZ7m0zPUDn85XEX2GTukHGRSepvi9Eig=
github.com/grafana/regexp v0.0.0-20221122212121-6b5c0a4cb7fd h1:PpuIBO5P3e9hpqBD0O/HjhShYuM6XE0i/lbE6J94kww=
github.com/grafana/regexp v0.0.0-20221122212121-6b5c0a4cb7fd/go.mod h1:M5qHK+eWfAv8VR/265dIuEpL3fNfeC21tXXp9itM24A=
github.com/klauspost/compress v1.16.4 h1:91KN02FnsOYhuunwU4ssRe8lc2JosWmizWa91B5v1PU=
github.com/klauspost/compress v1.16.4/go.mod h1:ntbaceVETuRiXiv4DpjP66DpAtAGkEQskQzEyD//IeE=
github.com/valyala/fastrand v1.1.0 h1:f+5HkLW4rsgzdNoleUOB69hyT9IlD2ZQh9GyDMfb5G8=
golang.org/x/exp v0.0.0-20230206171751-46f607a40771 h1:xP7rWLUr1e1n2xkK5YB4LI0hPEy3LJC6Wk+D4pGlOJg=
golang.org/x/net v0.8.0 h1:Zrh2ngAOFYneWTAIAPethzeaQLuHwhuBkuV6ZiRnUaQ=
golang.org/x/net v0.8.0/go.mod h1:QVkue5JL9kW//ek3r6jTKnTFis1tRmNAW2P1shuFdJc=
golang.org/x/sys v0.0.0-20190626221950-04f50cda93cb/go.mod h1:h1NjWce9XRLGQEsW7wpKNCjG9DtNlClVuFLEZdDNbEs=
golang.org/x/sys v0.7.0 h1:3jlCCIQZPdOYu1h8BkNvLz8Kgwtae2cagcG/VamtZRU=
golang.org/x/sys v0.7.0/go.mod h1:oPkhp1MJrh7nUepCBck5+mAzfO9JrbApNNgaTdGDITg=
golang.org/x/text v0.9.0 h1:2sjJmO8cDvYveuX97RDLsxlyUxLl+GHoLxBiRdHllBE=
golang.org/x/text v0.9.0/go.mod h1:e1OnstbJyHTd6l/uOt8jFFHp6TRDWZR/bV3emEE/zU8=
lukechampine.com/frand v1.4.2 h1:RzFIpOvkMXuPMBb9maa4ND4wjBn71E1Jpf8BzJHMaVw=
lukechampine.com/frand v1.4.2/go.mod h1:4S/TM2ZgrKejMcKMbeLjISpJMO+/eZ1zu3vYX9dtj3s=
pgregory.net/rand v1.0.2 h1:ASEbkvwOmY/UPF2evJPBJ8XZg71xdKWYdByqKapI7Vw=
pgregory.net/rand v1.0.2/go.mod h1:EyNx8APnDE3Svi8sWgUZ5lOiz60cNZUPPBTyzOUpPl4=
pgregory.net/rapid v0.4.8 h1:d+5SGZWUbJPbl3ss6tmPFqnNeQR6VDOFly+eTjwPiEw=
